
Microsoft Visual Studio Solution File, Format Version 12.00
# Visual Studio Version 17
VisualStudioVersion = 17.6.33723.286
MinimumVisualStudioVersion = 10.0.40219.1
Project("{FAE04EC0-301F-11D3-BF4B-00C04F79EFBC}") = "DromTest", "DromTest\DromTest.csproj", "{68BECDAC-245D-4E9D-BA9F-B6AEAE2E120C}"
EndProject
Global
	GlobalSection(SolutionConfigurationPlatforms) = preSolution
		Debug|Any CPU = Debug|Any CPU
		Release|Any CPU = Release|Any CPU
	EndGlobalSection
	GlobalSection(ProjectConfigurationPlatforms) = postSolution
		{68BECDAC-245D-4E9D-BA9F-B6AEAE2E120C}.Debug|Any CPU.ActiveCfg = Debug|Any CPU
		{68BECDAC-245D-4E9D-BA9F-B6AEAE2E120C}.Debug|Any CPU.Build.0 = Debug|Any CPU
		{68BECDAC-245D-4E9D-BA9F-B6AEAE2E120C}.Release|Any CPU.ActiveCfg = Release|Any CPU
		{68BECDAC-245D-4E9D-BA9F-B6AEAE2E120C}.Release|Any CPU.Build.0 = Release|Any CPU
	EndGlobalSection
	GlobalSection(SolutionProperties) = preSolution
		HideSolutionNode = FALSE
	EndGlobalSection
	GlobalSection(ExtensibilityGlobals) = postSolution
		SolutionGuid = {FDDF4A37-ACF9-4B4D-BAFF-FA0639E46040}
	EndGlobalSection
EndGlobal
